
Microsoft Visual Studio Solution File, Format Version 12.00
# Visual Studio Version 17
VisualStudioVersion = 17.3.32929.385
MinimumVisualStudioVersion = 10.0.40219.1
Project("{FAE04EC0-301F-11D3-BF4B-00C04F79EFBC}") = "PathFinder", "PathFinder\PathFinder.csproj", "{5193631A-A8CE-44D4-874A-69C1B0019174}"
EndProject
Project("{54435603-DBB4-11D2-8724-00A0C9A8B90C}") = "Setup", "Setup1\Setup1.vdproj", "{7548D856-82F6-4150-8E9B-EEAD485B3590}"
EndProject
Global
	GlobalSection(SolutionConfigurationPlatforms) = preSolution
		Debug|Any CPU = Debug|Any CPU
		Debug|x86 = Debug|x86
		Release|Any CPU = Release|Any CPU
		Release|x86 = Release|x86
	EndGlobalSection
	GlobalSection(ProjectConfigurationPlatforms) = postSolution
		{5193631A-A8CE-44D4-874A-69C1B0019174}.Debug|Any CPU.ActiveCfg = Debug|Any CPU
		{5193631A-A8CE-44D4-874A-69C1B0019174}.Debug|Any CPU.Build.0 = Debug|Any CPU
		{5193631A-A8CE-44D4-874A-69C1B0019174}.Debug|x86.ActiveCfg = Debug|Any CPU
		{5193631A-A8CE-44D4-874A-69C1B0019174}.Debug|x86.Build.0 = Debug|Any CPU
		{5193631A-A8CE-44D4-874A-69C1B0019174}.Release|Any CPU.ActiveCfg = Release|Any CPU
		{5193631A-A8CE-44D4-874A-69C1B0019174}.Release|Any CPU.Build.0 = Release|Any CPU
		{5193631A-A8CE-44D4-874A-69C1B0019174}.Release|x86.ActiveCfg = Release|Any CPU
		{5193631A-A8CE-44D4-874A-69C1B0019174}.Release|x86.Build.0 = Release|Any CPU
		{7548D856-82F6-4150-8E9B-EEAD485B3590}.Debug|Any CPU.ActiveCfg = Debug
		{7548D856-82F6-4150-8E9B-EEAD485B3590}.Debug|Any CPU.Build.0 = Debug
		{7548D856-82F6-4150-8E9B-EEAD485B3590}.Debug|x86.ActiveCfg = Debug
		{7548D856-82F6-4150-8E9B-EEAD485B3590}.Release|Any CPU.ActiveCfg = Release
		{7548D856-82F6-4150-8E9B-EEAD485B3590}.Release|x86.ActiveCfg = Release
	EndGlobalSection
	GlobalSection(SolutionProperties) = preSolution
		HideSolutionNode = FALSE
	EndGlobalSection
	GlobalSection(ExtensibilityGlobals) = postSolution
		SolutionGuid = {D1292B49-36F5-4287-B00F-45EFA8EFEF7A}
	EndGlobalSection
EndGlobal
